
Microsoft Visual Studio Solution File, Format Version 12.00
# Visual Studio 15
VisualStudioVersion = 15.0.26730.15
MinimumVisualStudioVersion = 10.0.40219.1
Project("{FAE04EC0-301F-11D3-BF4B-00C04F79EFBC}") = "Mungiu-AcmeApp", "Mungiu-AcmeApp\Mungiu-AcmeApp.csproj", "{99E209B3-C8CC-42E0-B98D-14C6741FBADC}"
EndProject
Global
	GlobalSection(SolutionConfigurationPlatforms) = preSolution
		Debug|Any CPU = Debug|Any CPU
		Release|Any CPU = Release|Any CPU
	EndGlobalSection
	GlobalSection(ProjectConfigurationPlatforms) = postSolution
		{99E209B3-C8CC-42E0-B98D-14C6741FBADC}.Debug|Any CPU.ActiveCfg = Debug|Any CPU
		{99E209B3-C8CC-42E0-B98D-14C6741FBADC}.Debug|Any CPU.Build.0 = Debug|Any CPU
		{99E209B3-C8CC-42E0-B98D-14C6741FBADC}.Release|Any CPU.ActiveCfg = Release|Any CPU
		{99E209B3-C8CC-42E0-B98D-14C6741FBADC}.Release|Any CPU.Build.0 = Release|Any CPU
	EndGlobalSection
	GlobalSection(SolutionProperties) = preSolution
		HideSolutionNode = FALSE
	EndGlobalSection
	GlobalSection(ExtensibilityGlobals) = postSolution
		SolutionGuid = {51751A85-B24F-4D1A-884E-BCC64D6A135E}
	EndGlobalSection
EndGlobal
